
Microsoft Visual Studio Solution File, Format Version 12.00
# Visual Studio Version 17
VisualStudioVersion = 17.3.32929.385
MinimumVisualStudioVersion = 10.0.40219.1
Project("{FAE04EC0-301F-11D3-BF4B-00C04F79EFBC}") = "Examen.Android", "Examen.Android\Examen.Android.csproj", "{E9DFFC51-9E50-44FD-A631-3ACE98E2C020}"
EndProject
Project("{FAE04EC0-301F-11D3-BF4B-00C04F79EFBC}") = "Examen.iOS", "Examen.iOS\Examen.iOS.csproj", "{3F328B30-4F32-464F-B417-2FA62F89A56B}"
EndProject
Project("{FAE04EC0-301F-11D3-BF4B-00C04F79EFBC}") = "Examen", "Examen\Examen.csproj", "{840643F1-8CDE-46BC-8120-E3DB93F78B7E}"
EndProject
Global
	GlobalSection(SolutionConfigurationPlatforms) = preSolution
		Debug|Any CPU = Debug|Any CPU
		Debug|iPhone = Debug|iPhone
		Debug|iPhoneSimulator = Debug|iPhoneSimulator
		Release|Any CPU = Release|Any CPU
		Release|iPhone = Release|iPhone
		Release|iPhoneSimulator = Release|iPhoneSimulator
	EndGlobalSection
	GlobalSection(ProjectConfigurationPlatforms) = postSolution
		{E9DFFC51-9E50-44FD-A631-3ACE98E2C020}.Debug|Any CPU.ActiveCfg = Debug|Any CPU
		{E9DFFC51-9E50-44FD-A631-3ACE98E2C020}.Debug|Any CPU.Build.0 = Debug|Any CPU
		{E9DFFC51-9E50-44FD-A631-3ACE98E2C020}.Debug|Any CPU.Deploy.0 = Debug|Any CPU
		{E9DFFC51-9E50-44FD-A631-3ACE98E2C020}.Debug|iPhone.ActiveCfg = Debug|Any CPU
		{E9DFFC51-9E50-44FD-A631-3ACE98E2C020}.Debug|iPhone.Build.0 = Debug|Any CPU
		{E9DFFC51-9E50-44FD-A631-3ACE98E2C020}.Debug|iPhone.Deploy.0 = Debug|Any CPU
		{E9DFFC51-9E50-44FD-A631-3ACE98E2C020}.Debug|iPhoneSimulator.ActiveCfg = Debug|Any CPU
		{E9DFFC51-9E50-44FD-A631-3ACE98E2C020}.Debug|iPhoneSimulator.Build.0 = Debug|Any CPU
		{E9DFFC51-9E50-44FD-A631-3ACE98E2C020}.Debug|iPhoneSimulator.Deploy.0 = Debug|Any CPU
		{E9DFFC51-9E50-44FD-A631-3ACE98E2C020}.Release|Any CPU.ActiveCfg = Release|Any CPU
		{E9DFFC51-9E50-44FD-A631-3ACE98E2C020}.Release|Any CPU.Build.0 = Release|Any CPU
		{E9DFFC51-9E50-44FD-A631-3ACE98E2C020}.Release|Any CPU.Deploy.0 = Release|Any CPU
		{E9DFFC51-9E50-44FD-A631-3ACE98E2C020}.Release|iPhone.ActiveCfg = Release|Any CPU
		{E9DFFC51-9E50-44FD-A631-3ACE98E2C020}.Release|iPhone.Build.0 = Release|Any CPU
		{E9DFFC51-9E50-44FD-A631-3ACE98E2C020}.Release|iPhone.Deploy.0 = Release|Any CPU
		{E9DFFC51-9E50-44FD-A631-3ACE98E2C020}.Release|iPhoneSimulator.ActiveCfg = Release|Any CPU
		{E9DFFC51-9E50-44FD-A631-3ACE98E2C020}.Release|iPhoneSimulator.Build.0 = Release|Any CPU
		{E9DFFC51-9E50-44FD-A631-3ACE98E2C020}.Release|iPhoneSimulator.Deploy.0 = Release|Any CPU
		{3F328B30-4F32-464F-B417-2FA62F89A56B}.Debug|Any CPU.ActiveCfg = Debug|iPhone
		{3F328B30-4F32-464F-B417-2FA62F89A56B}.Debug|Any CPU.Build.0 = Debug|iPhone
		{3F328B30-4F32-464F-B417-2FA62F89A56B}.Debug|Any CPU.Deploy.0 = Debug|iPhone
		{3F328B30-4F32-464F-B417-2FA62F89A56B}.Debug|iPhone.ActiveCfg = Debug|iPhone
		{3F328B30-4F32-464F-B417-2FA62F89A56B}.Debug|iPhone.Build.0 = Debug|iPhone
		{3F328B30-4F32-464F-B417-2FA62F89A56B}.Debug|iPhone.Deploy.0 = Debug|iPhone
		{3F328B30-4F32-464F-B417-2FA62F89A56B}.Debug|iPhoneSimulator.ActiveCfg = Debug|iPhoneSimulator
		{3F328B30-4F32-464F-B417-2FA62F89A56B}.Debug|iPhoneSimulator.Build.0 = Debug|iPhoneSimulator
		{3F328B30-4F32-464F-B417-2FA62F89A56B}.Debug|iPhoneSimulator.Deploy.0 = Debug|iPhoneSimulator
		{3F328B30-4F32-464F-B417-2FA62F89A56B}.Release|Any CPU.ActiveCfg = Release|iPhoneSimulator
		{3F328B30-4F32-464F-B417-2FA62F89A56B}.Release|Any CPU.Build.0 = Release|iPhoneSimulator
		{3F328B30-4F32-464F-B417-2FA62F89A56B}.Release|Any CPU.Deploy.0 = Release|iPhoneSimulator
		{3F328B30-4F32-464F-B417-2FA62F89A56B}.Release|iPhone.ActiveCfg = Release|iPhone
		{3F328B30-4F32-464F-B417-2FA62F89A56B}.Release|iPhone.Build.0 = Release|iPhone
		{3F328B30-4F32-464F-B417-2FA62F89A56B}.Release|iPhone.Deploy.0 = Release|iPhone
		{3F328B30-4F32-464F-B417-2FA62F89A56B}.Release|iPhoneSimulator.ActiveCfg = Release|iPhoneSimulator
		{3F328B30-4F32-464F-B417-2FA62F89A56B}.Release|iPhoneSimulator.Build.0 = Release|iPhoneSimulator
		{3F328B30-4F32-464F-B417-2FA62F89A56B}.Release|iPhoneSimulator.Deploy.0 = Release|iPhoneSimulator
		{840643F1-8CDE-46BC-8120-E3DB93F78B7E}.Debug|Any CPU.ActiveCfg = Debug|Any CPU
		{840643F1-8CDE-46BC-8120-E3DB93F78B7E}.Debug|Any CPU.Build.0 = Debug|Any CPU
		{840643F1-8CDE-46BC-8120-E3DB93F78B7E}.Debug|Any CPU.Deploy.0 = Debug|Any CPU
		{840643F1-8CDE-46BC-8120-E3DB93F78B7E}.Debug|iPhone.ActiveCfg = Debug|Any CPU
		{840643F1-8CDE-46BC-8120-E3DB93F78B7E}.Debug|iPhone.Build.0 = Debug|Any CPU
		{840643F1-8CDE-46BC-8120-E3DB93F78B7E}.Debug|iPhone.Deploy.0 = Debug|Any CPU
		{840643F1-8CDE-46BC-8120-E3DB93F78B7E}.Debug|iPhoneSimulator.ActiveCfg = Debug|Any CPU
		{840643F1-8CDE-46BC-8120-E3DB93F78B7E}.Debug|iPhoneSimulator.Build.0 = Debug|Any CPU
		{840643F1-8CDE-46BC-8120-E3DB93F78B7E}.Debug|iPhoneSimulator.Deploy.0 = Debug|Any CPU
		{840643F1-8CDE-46BC-8120-E3DB93F78B7E}.Release|Any CPU.ActiveCfg = Release|Any CPU
		{840643F1-8CDE-46BC-8120-E3DB93F78B7E}.Release|Any CPU.Build.0 = Release|Any CPU
		{840643F1-8CDE-46BC-8120-E3DB93F78B7E}.Release|Any CPU.Deploy.0 = Release|Any CPU
		{840643F1-8CDE-46BC-8120-E3DB93F78B7E}.Release|iPhone.ActiveCfg = Release|Any CPU
		{840643F1-8CDE-46BC-8120-E3DB93F78B7E}.Release|iPhone.Build.0 = Release|Any CPU
		{840643F1-8CDE-46BC-8120-E3DB93F78B7E}.Release|iPhone.Deploy.0 = Release|Any CPU
		{840643F1-8CDE-46BC-8120-E3DB93F78B7E}.Release|iPhoneSimulator.ActiveCfg = Release|Any CPU
		{840643F1-8CDE-46BC-8120-E3DB93F78B7E}.Release|iPhoneSimulator.Build.0 = Release|Any CPU
		{840643F1-8CDE-46BC-8120-E3DB93F78B7E}.Release|iPhoneSimulator.Deploy.0 = Release|Any CPU
	EndGlobalSection
	GlobalSection(SolutionProperties) = preSolution
		HideSolutionNode = FALSE
	EndGlobalSection
	GlobalSection(ExtensibilityGlobals) = postSolution
		SolutionGuid = {B9C10B5E-2567-4803-9EDD-7982FDBDA349}
	EndGlobalSection
EndGlobal
